
Microsoft Visual Studio Solution File, Format Version 12.00
# Visual Studio 2012
Project("{FAE04EC0-301F-11D3-BF4B-00C04F79EFBC}") = "TryMonad", "TryMonad\TryMonad.csproj", "{64F8EFCD-E074-4540-BBD1-B69191E21169}"
EndProject
Global
	GlobalSection(SolutionConfigurationPlatforms) = preSolution
		Debug|Any CPU = Debug|Any CPU
		Release|Any CPU = Release|Any CPU
	EndGlobalSection
	GlobalSection(ProjectConfigurationPlatforms) = postSolution
		{64F8EFCD-E074-4540-BBD1-B69191E21169}.Debug|Any CPU.ActiveCfg = Debug|Any CPU
		{64F8EFCD-E074-4540-BBD1-B69191E21169}.Debug|Any CPU.Build.0 = Debug|Any CPU
		{64F8EFCD-E074-4540-BBD1-B69191E21169}.Release|Any CPU.ActiveCfg = Release|Any CPU
		{64F8EFCD-E074-4540-BBD1-B69191E21169}.Release|Any CPU.Build.0 = Release|Any CPU
	EndGlobalSection
EndGlobal
